// !$*UTF8*$!
{
	archiveVersion = 1;
	classes = {
	};
	objectVersion = 56;
	objects = {

/* Begin PBXBuildFile section */
		D755FAE02987D16A00444001 /* Words_ScrambleApp.swift in Sources */ = {isa = PBXBuildFile; fileRef = D755FADF2987D16A00444001 /* Words_ScrambleApp.swift */; };
		D755FAE22987D16A00444001 /* ContentView.swift in Sources */ = {isa = PBXBuildFile; fileRef = D755FAE12987D16A00444001 /* ContentView.swift */; };
		D755FAE42987D16D00444001 /* Assets.xcassets in Resources */ = {isa = PBXBuildFile; fileRef = D755FAE32987D16D00444001 /* Assets.xcassets */; };
		D755FAE72987D16D00444001 /* Preview Assets.xcassets in Resources */ = {isa = PBXBuildFile; fileRef = D755FAE62987D16D00444001 /* Preview Assets.xcassets */; };
		D755FAF12987D16D00444001 /* Words_ScrambleTests.swift in Sources */ = {isa = PBXBuildFile; fileRef = D755FAF02987D16D00444001 /* Words_ScrambleTests.swift */; };
		D755FAFB2987D16D00444001 /* Words_ScrambleUITests.swift in Sources */ = {isa = PBXBuildFile; fileRef = D755FAFA2987D16D00444001 /* Words_ScrambleUITests.swift */; };
		D755FAFD2987D16D00444001 /* Words_ScrambleUITestsLaunchTests.swift in Sources */ = {isa = PBXBuildFile; fileRef = D755FAFC2987D16D00444001 /* Words_ScrambleUITestsLaunchTests.swift */; };
		D782A3F02987DB3900935933 /* start.txt in Resources */ = {isa = PBXBuildFile; fileRef = D782A3EF2987DB3900935933 /* start.txt */; };
/* End PBXBuildFile section */

/* Begin PBXContainerItemProxy section */
		D755FAED2987D16D00444001 /* PBXContainerItemProxy */ = {
			isa = PBXContainerItemProxy;
			containerPortal = D755FAD42987D16A00444001 /* Project object */;
			proxyType = 1;
			remoteGlobalIDString = D755FADB2987D16A00444001;
			remoteInfo = Words_Scramble;
		};
		D755FAF72987D16D00444001 /* PBXContainerItemProxy */ = {
			isa = PBXContainerItemProxy;
			containerPortal = D755FAD42987D16A00444001 /* Project object */;
			proxyType = 1;
			remoteGlobalIDString = D755FADB2987D16A00444001;
			remoteInfo = Words_Scramble;
		};
/* End PBXContainerItemProxy section */

/* Begin PBXFileReference section */
		D755FADC2987D16A00444001 /* Words_Scramble.app */ = {isa = PBXFileReference; explicitFileType = wrapper.application; includeInIndex = 0; path = Words_Scramble.app; sourceTree = BUILT_PRODUCTS_DIR; };
		D755FADF2987D16A00444001 /* Words_ScrambleApp.swift */ = {isa = PBXFileReference; lastKnownFileType = sourcecode.swift; path = Words_ScrambleApp.swift; sourceTree = "<group>"; };
		D755FAE12987D16A00444001 /* ContentView.swift */ = {isa = PBXFileReference; lastKnownFileType = sourcecode.swift; path = ContentView.swift; sourceTree = "<group>"; };
		D755FAE32987D16D00444001 /* Assets.xcassets */ = {isa = PBXFileReference; lastKnownFileType = folder.assetcatalog; path = Assets.xcassets; sourceTree = "<group>"; };
		D755FAE62987D16D00444001 /* Preview Assets.xcassets */ = {isa = PBXFileReference; lastKnownFileType = folder.assetcatalog; path = "Preview Assets.xcassets"; sourceTree = "<group>"; };
		D755FAEC2987D16D00444001 /* Words_ScrambleTests.xctest */ = {isa = PBXFileReference; explicitFileType = wrapper.cfbundle; includeInIndex = 0; path = Words_ScrambleTests.xctest; sourceTree = BUILT_PRODUCTS_DIR; };
		D755FAF02987D16D00444001 /* Words_ScrambleTests.swift */ = {isa = PBXFileReference; lastKnownFileType = sourcecode.swift; path = Words_ScrambleTests.swift; sourceTree = "<group>"; };
		D755FAF62987D16D00444001 /* Words_ScrambleUITests.xctest */ = {isa = PBXFileReference; explicitFileType = wrapper.cfbundle; includeInIndex = 0; path = Words_ScrambleUITests.xctest; sourceTree = BUILT_PRODUCTS_DIR; };
		D755FAFA2987D16D00444001 /* Words_ScrambleUITests.swift */ = {isa = PBXFileReference; lastKnownFileType = sourcecode.swift; path = Words_ScrambleUITests.swift; sourceTree = "<group>"; };
		D755FAFC2987D16D00444001 /* Words_ScrambleUITestsLaunchTests.swift */ = {isa = PBXFileReference; lastKnownFileType = sourcecode.swift; path = Words_ScrambleUITestsLaunchTests.swift; sourceTree = "<group>"; };
		D782A3EF2987DB3900935933 /* start.txt */ = {isa = PBXFileReference; fileEncoding = 4; lastKnownFileType = text; path = start.txt; sourceTree = "<group>"; };
/* End PBXFileReference section */

/* Begin PBXFrameworksBuildPhase section */
		D755FAD92987D16A00444001 /* Frameworks */ = {
			isa = PBXFrameworksBuildPhase;
			buildActionMask = 2147483647;
			files = (
			);
			runOnlyForDeploymentPostprocessing = 0;
		};
		D755FAE92987D16D00444001 /* Frameworks */ = {
			isa = PBXFrameworksBuildPhase;
			buildActionMask = 2147483647;
			files = (
			);
			runOnlyForDeploymentPostprocessing = 0;
		};
		D755FAF32987D16D00444001 /* Frameworks */ = {
			isa = PBXFrameworksBuildPhase;
			buildActionMask = 2147483647;
			files = (
			);
			runOnlyForDeploymentPostprocessing = 0;
		};
/* End PBXFrameworksBuildPhase section */

/* Begin PBXGroup section */
		D755FAD32987D16A00444001 = {
			isa = PBXGroup;
			children = (
				D755FADE2987D16A00444001 /* Words_Scramble */,
				D755FAEF2987D16D00444001 /* Words_ScrambleTests */,
				D755FAF92987D16D00444001 /* Words_ScrambleUITests */,
				D755FADD2987D16A00444001 /* Products */,
			);
			sourceTree = "<group>";
		};
		D755FADD2987D16A00444001 /* Products */ = {
			isa = PBXGroup;
			children = (
				D755FADC2987D16A00444001 /* Words_Scramble.app */,
				D755FAEC2987D16D00444001 /* Words_ScrambleTests.xctest */,
				D755FAF62987D16D00444001 /* Words_ScrambleUITests.xctest */,
			);
			name = Products;
			sourceTree = "<group>";
		};
		D755FADE2987D16A00444001 /* Words_Scramble */ = {
			isa = PBXGroup;
			children = (
				D755FADF2987D16A00444001 /* Words_ScrambleApp.swift */,
				D755FAE12987D16A00444001 /* ContentView.swift */,
				D755FAE32987D16D00444001 /* Assets.xcassets */,
				D782A3EF2987DB3900935933 /* start.txt */,
				D755FAE52987D16D00444001 /* Preview Content */,
			);
			path = Words_Scramble;
			sourceTree = "<group>";
		};
		D755FAE52987D16D00444001 /* Preview Content */ = {
			isa = PBXGroup;
			children = (
				D755FAE62987D16D00444001 /* Preview Assets.xcassets */,
			);
			path = "Preview Content";
			sourceTree = "<group>";
		};
		D755FAEF2987D16D00444001 /* Words_ScrambleTests */ = {
			isa = PBXGroup;
			children = (
				D755FAF02987D16D00444001 /* Words_ScrambleTests.swift */,
			);
			path = Words_ScrambleTests;
			sourceTree = "<group>";
		};
		D755FAF92987D16D00444001 /* Words_ScrambleUITests */ = {
			isa = PBXGroup;
			children = (
				D755FAFA2987D16D00444001 /* Words_ScrambleUITests.swift */,
				D755FAFC2987D16D00444001 /* Words_ScrambleUITestsLaunchTests.swift */,
			);
			path = Words_ScrambleUITests;
			sourceTree = "<group>";
		};
/* End PBXGroup section */

/* Begin PBXNativeTarget section */
		D755FADB2987D16A00444001 /* Words_Scramble */ = {
			isa = PBXNativeTarget;
			buildConfigurationList = D755FB002987D16D00444001 /* Build configuration list for PBXNativeTarget "Words_Scramble" */;
			buildPhases = (
				D755FAD82987D16A00444001 /* Sources */,
				D755FAD92987D16A00444001 /* Frameworks */,
				D755FADA2987D16A00444001 /* Resources */,
			);
			buildRules = (
			);
			dependencies = (
			);
			name = Words_Scramble;
			productName = Words_Scramble;
			productReference = D755FADC2987D16A00444001 /* Words_Scramble.app */;
			productType = "com.apple.product-type.application";
		};
		D755FAEB2987D16D00444001 /* Words_ScrambleTests */ = {
			isa = PBXNativeTarget;
			buildConfigurationList = D755FB032987D16D00444001 /* Build configuration list for PBXNativeTarget "Words_ScrambleTests" */;
			buildPhases = (
				D755FAE82987D16D00444001 /* Sources */,
				D755FAE92987D16D00444001 /* Frameworks */,
				D755FAEA2987D16D00444001 /* Resources */,
			);
			buildRules = (
			);
			dependencies = (
				D755FAEE2987D16D00444001 /* PBXTargetDependency */,
			);
			name = Words_ScrambleTests;
			productName = Words_ScrambleTests;
			productReference = D755FAEC2987D16D00444001 /* Words_ScrambleTests.xctest */;
			productType = "com.apple.product-type.bundle.unit-test";
		};
		D755FAF52987D16D00444001 /* Words_ScrambleUITests */ = {
			isa = PBXNativeTarget;
			buildConfigurationList = D755FB062987D16D00444001 /* Build configuration list for PBXNativeTarget "Words_ScrambleUITests" */;
			buildPhases = (
				D755FAF22987D16D00444001 /* Sources */,
				D755FAF32987D16D00444001 /* Frameworks */,
				D755FAF42987D16D00444001 /* Resources */,
			);
			buildRules = (
			);
			dependencies = (
				D755FAF82987D16D00444001 /* PBXTargetDependency */,
			);
			name = Words_ScrambleUITests;
			productName = Words_ScrambleUITests;
			productReference = D755FAF62987D16D00444001 /* Words_ScrambleUITests.xctest */;
			productType = "com.apple.product-type.bundle.ui-testing";
		};
/* End PBXNativeTarget section */

/* Begin PBXProject section */
		D755FAD42987D16A00444001 /* Project object */ = {
			isa = PBXProject;
			attributes = {
				BuildIndependentTargetsInParallel = 1;
				LastSwiftUpdateCheck = 1420;
				LastUpgradeCheck = 1420;
				TargetAttributes = {
					D755FADB2987D16A00444001 = {
						CreatedOnToolsVersion = 14.2;
					};
					D755FAEB2987D16D00444001 = {
						CreatedOnToolsVersion = 14.2;
						TestTargetID = D755FADB2987D16A00444001;
					};
					D755FAF52987D16D00444001 = {
						CreatedOnToolsVersion = 14.2;
						TestTargetID = D755FADB2987D16A00444001;
					};
				};
			};
			buildConfigurationList = D755FAD72987D16A00444001 /* Build configuration list for PBXProject "Words_Scramble" */;
			compatibilityVersion = "Xcode 14.0";
			developmentRegion = en;
			hasScannedForEncodings = 0;
			knownRegions = (
				en,
				Base,
			);
			mainGroup = D755FAD32987D16A00444001;
			productRefGroup = D755FADD2987D16A00444001 /* Products */;
			projectDirPath = "";
			projectRoot = "";
			targets = (
				D755FADB2987D16A00444001 /* Words_Scramble */,
				D755FAEB2987D16D00444001 /* Words_ScrambleTests */,
				D755FAF52987D16D00444001 /* Words_ScrambleUITests */,
			);
		};
/* End PBXProject section */

/* Begin PBXResourcesBuildPhase section */
		D755FADA2987D16A00444001 /* Resources */ = {
			isa = PBXResourcesBuildPhase;
			buildActionMask = 2147483647;
			files = (
				D755FAE72987D16D00444001 /* Preview Assets.xcassets in Resources */,
				D782A3F02987DB3900935933 /* start.txt in Resources */,
				D755FAE42987D16D00444001 /* Assets.xcassets in Resources */,
			);
			runOnlyForDeploymentPostprocessing = 0;
		};
		D755FAEA2987D16D00444001 /* Resources */ = {
			isa = PBXResourcesBuildPhase;
			buildActionMask = 2147483647;
			files = (
			);
			runOnlyForDeploymentPostprocessing = 0;
		};
		D755FAF42987D16D00444001 /* Resources */ = {
			isa = PBXResourcesBuildPhase;
			buildActionMask = 2147483647;
			files = (
			);
			runOnlyForDeploymentPostprocessing = 0;
		};
/* End PBXResourcesBuildPhase section */

/* Begin PBXSourcesBuildPhase section */
		D755FAD82987D16A00444001 /* Sources */ = {
			isa = PBXSourcesBuildPhase;
			buildActionMask = 2147483647;
			files = (
				D755FAE22987D16A00444001 /* ContentView.swift in Sources */,
				D755FAE02987D16A00444001 /* Words_ScrambleApp.swift in Sources */,
			);
			runOnlyForDeploymentPostprocessing = 0;
		};
		D755FAE82987D16D00444001 /* Sources */ = {
			isa = PBXSourcesBuildPhase;
			buildActionMask = 2147483647;
			files = (
				D755FAF12987D16D00444001 /* Words_ScrambleTests.swift in Sources */,
			);
			runOnlyForDeploymentPostprocessing = 0;
		};
		D755FAF22987D16D00444001 /* Sources */ = {
			isa = PBXSourcesBuildPhase;
			buildActionMask = 2147483647;
			files = (
				D755FAFB2987D16D00444001 /* Words_ScrambleUITests.swift in Sources */,
				D755FAFD2987D16D00444001 /* Words_ScrambleUITestsLaunchTests.swift in Sources */,
			);
			runOnlyForDeploymentPostprocessing = 0;
		};
/* End PBXSourcesBuildPhase section */

/* Begin PBXTargetDependency section */
		D755FAEE2987D16D00444001 /* PBXTargetDependency */ = {
			isa = PBXTargetDependency;
			target = D755FADB2987D16A00444001 /* Words_Scramble */;
			targetProxy = D755FAED2987D16D00444001 /* PBXContainerItemProxy */;
		};
		D755FAF82987D16D00444001 /* PBXTargetDependency */ = {
			isa = PBXTargetDependency;
			target = D755FADB2987D16A00444001 /* Words_Scramble */;
			targetProxy = D755FAF72987D16D00444001 /* PBXContainerItemProxy */;
		};
/* End PBXTargetDependency section */

/* Begin XCBuildConfiguration section */
		D755FAFE2987D16D00444001 /* Debug */ = {
			isa = XCBuildConfiguration;
			buildSettings = {
				ALWAYS_SEARCH_USER_PATHS = NO;
				CLANG_ANALYZER_NONNULL = YES;
				CLANG_ANALYZER_NUMBER_OBJECT_CONVERSION = YES_AGGRESSIVE;
				CLANG_CXX_LANGUAGE_STANDARD = "gnu++20";
				CLANG_ENABLE_MODULES = YES;
				CLANG_ENABLE_OBJC_ARC = YES;
				CLANG_ENABLE_OBJC_WEAK = YES;
				CLANG_WARN_BLOCK_CAPTURE_AUTORELEASING = YES;
				CLANG_WARN_BOOL_CONVERSION = YES;
				CLANG_WARN_COMMA = YES;
				CLANG_WARN_CONSTANT_CONVERSION = YES;
				CLANG_WARN_DEPRECATED_OBJC_IMPLEMENTATIONS = YES;
				CLANG_WARN_DIRECT_OBJC_ISA_USAGE = YES_ERROR;
				CLANG_WARN_DOCUMENTATION_COMMENTS = YES;
				CLANG_WARN_EMPTY_BODY = YES;
				CLANG_WARN_ENUM_CONVERSION = YES;
				CLANG_WARN_INFINITE_RECURSION = YES;
				CLANG_WARN_INT_CONVERSION = YES;
				CLANG_WARN_NON_LITERAL_NULL_CONVERSION = YES;
				CLANG_WARN_OBJC_IMPLICIT_RETAIN_SELF = YES;
				CLANG_WARN_OBJC_LITERAL_CONVERSION = YES;
				CLANG_WARN_OBJC_ROOT_CLASS = YES_ERROR;
				CLANG_WARN_QUOTED_INCLUDE_IN_FRAMEWORK_HEADER = YES;
				CLANG_WARN_RANGE_LOOP_ANALYSIS = YES;
				CLANG_WARN_STRICT_PROTOTYPES = YES;
				CLANG_WARN_SUSPICIOUS_MOVE = YES;
				CLANG_WARN_UNGUARDED_AVAILABILITY = YES_AGGRESSIVE;
				CLANG_WARN_UNREACHABLE_CODE = YES;
				CLANG_WARN__DUPLICATE_METHOD_MATCH = YES;
				COPY_PHASE_STRIP = NO;
				DEBUG_INFORMATION_FORMAT = dwarf;
				ENABLE_STRICT_OBJC_MSGSEND = YES;
				ENABLE_TESTABILITY = YES;
				GCC_C_LANGUAGE_STANDARD = gnu11;
				GCC_DYNAMIC_NO_PIC = NO;
				GCC_NO_COMMON_BLOCKS = YES;
				GCC_OPTIMIZATION_LEVEL = 0;
				GCC_PREPROCESSOR_DEFINITIONS = (
					"DEBUG=1",
					"$(inherited)",
				);
				GCC_WARN_64_TO_32_BIT_CONVERSION = YES;
				GCC_WARN_ABOUT_RETURN_TYPE = YES_ERROR;
				GCC_WARN_UNDECLARED_SELECTOR = YES;
				GCC_WARN_UNINITIALIZED_AUTOS = YES_AGGRESSIVE;
				GCC_WARN_UNUSED_FUNCTION = YES;
				GCC_WARN_UNUSED_VARIABLE = YES;
				IPHONEOS_DEPLOYMENT_TARGET = 16.2;
				MTL_ENABLE_DEBUG_INFO = INCLUDE_SOURCE;
				MTL_FAST_MATH = YES;
				ONLY_ACTIVE_ARCH = YES;
				SDKROOT = iphoneos;
				SWIFT_ACTIVE_COMPILATION_CONDITIONS = DEBUG;
				SWIFT_OPTIMIZATION_LEVEL = "-Onone";
			};
			name = Debug;
		};
		D755FAFF2987D16D00444001 /* Release */ = {
			isa = XCBuildConfiguration;
			buildSettings = {
				ALWAYS_SEARCH_USER_PATHS = NO;
				CLANG_ANALYZER_NONNULL = YES;
				CLANG_ANALYZER_NUMBER_OBJECT_CONVERSION = YES_AGGRESSIVE;
				CLANG_CXX_LANGUAGE_STANDARD = "gnu++20";
				CLANG_ENABLE_MODULES = YES;
				CLANG_ENABLE_OBJC_ARC = YES;
				CLANG_ENABLE_OBJC_WEAK = YES;
				CLANG_WARN_BLOCK_CAPTURE_AUTORELEASING = YES;
				CLANG_WARN_BOOL_CONVERSION = YES;
				CLANG_WARN_COMMA = YES;
				CLANG_WARN_CONSTANT_CONVERSION = YES;
				CLANG_WARN_DEPRECATED_OBJC_IMPLEMENTATIONS = YES;
				CLANG_WARN_DIRECT_OBJC_ISA_USAGE = YES_ERROR;
				CLANG_WARN_DOCUMENTATION_COMMENTS = YES;
				CLANG_WARN_EMPTY_BODY = YES;
				CLANG_WARN_ENUM_CONVERSION = YES;
				CLANG_WARN_INFINITE_RECURSION = YES;
				CLANG_WARN_INT_CONVERSION = YES;
				CLANG_WARN_NON_LITERAL_NULL_CONVERSION = YES;
				CLANG_WARN_OBJC_IMPLICIT_RETAIN_SELF = YES;
				CLANG_WARN_OBJC_LITERAL_CONVERSION = YES;
				CLANG_WARN_OBJC_ROOT_CLASS = YES_ERROR;
				CLANG_WARN_QUOTED_INCLUDE_IN_FRAMEWORK_HEADER = YES;
				CLANG_WARN_RANGE_LOOP_ANALYSIS = YES;
				CLANG_WARN_STRICT_PROTOTYPES = YES;
				CLANG_WARN_SUSPICIOUS_MOVE = YES;
				CLANG_WARN_UNGUARDED_AVAILABILITY = YES_AGGRESSIVE;
				CLANG_WARN_UNREACHABLE_CODE = YES;
				CLANG_WARN__DUPLICATE_METHOD_MATCH = YES;
				COPY_PHASE_STRIP = NO;
				DEBUG_INFORMATION_FORMAT = "dwarf-with-dsym";
				ENABLE_NS_ASSERTIONS = NO;
				ENABLE_STRICT_OBJC_MSGSEND = YES;
				GCC_C_LANGUAGE_STANDARD = gnu11;
				GCC_NO_COMMON_BLOCKS = YES;
				GCC_WARN_64_TO_32_BIT_CONVERSION = YES;
				GCC_WARN_ABOUT_RETURN_TYPE = YES_ERROR;
				GCC_WARN_UNDECLARED_SELECTOR = YES;
				GCC_WARN_UNINITIALIZED_AUTOS = YES_AGGRESSIVE;
				GCC_WARN_UNUSED_FUNCTION = YES;
				GCC_WARN_UNUSED_VARIABLE = YES;
				IPHONEOS_DEPLOYMENT_TARGET = 16.2;
				MTL_ENABLE_DEBUG_INFO = NO;
				MTL_FAST_MATH = YES;
				SDKROOT = iphoneos;
				SWIFT_COMPILATION_MODE = wholemodule;
				SWIFT_OPTIMIZATION_LEVEL = "-O";
				VALIDATE_PRODUCT = YES;
			};
			name = Release;
		};
		D755FB012987D16D00444001 /* Debug */ = {
			isa = XCBuildConfiguration;
			buildSettings = {
				ASSETCATALOG_COMPILER_APPICON_NAME = AppIcon;
				ASSETCATALOG_COMPILER_GLOBAL_ACCENT_COLOR_NAME = AccentColor;
				CODE_SIGN_STYLE = Automatic;
				CURRENT_PROJECT_VERSION = 1;
				DEVELOPMENT_ASSET_PATHS = "\"Words_Scramble/Preview Content\"";
				DEVELOPMENT_TEAM = 8YSSM38GVX;
				ENABLE_PREVIEWS = YES;
				GENERATE_INFOPLIST_FILE = YES;
				INFOPLIST_KEY_UIApplicationSceneManifest_Generation = YES;
				INFOPLIST_KEY_UIApplicationSupportsIndirectInputEvents = YES;
				INFOPLIST_KEY_UILaunchScreen_Generation = YES;
				INFOPLIST_KEY_UISupportedInterfaceOrientations_iPad = "UIInterfaceOrientationPortrait UIInterfaceOrientationPortraitUpsideDown UIInterfaceOrientationLandscapeLeft UIInterfaceOrientationLandscapeRight";
				INFOPLIST_KEY_UISupportedInterfaceOrientations_iPhone = "UIInterfaceOrientationPortrait UIInterfaceOrientationLandscapeLeft UIInterfaceOrientationLandscapeRight";
				LD_RUNPATH_SEARCH_PATHS = (
					"$(inherited)",
					"@executable_path/Frameworks",
				);
				MARKETING_VERSION = 1.0;
				PRODUCT_BUNDLE_IDENTIFIER = "com.example.Words-Scramble";
				PRODUCT_NAME = "$(TARGET_NAME)";
				SWIFT_EMIT_LOC_STRINGS = YES;
				SWIFT_VERSION = 5.0;
				TARGETED_DEVICE_FAMILY = "1,2";
			};
			name = Debug;
		};
		D755FB022987D16D00444001 /* Release */ = {
			isa = XCBuildConfiguration;
			buildSettings = {
				ASSETCATALOG_COMPILER_APPICON_NAME = AppIcon;
				ASSETCATALOG_COMPILER_GLOBAL_ACCENT_COLOR_NAME = AccentColor;
				CODE_SIGN_STYLE = Automatic;
				CURRENT_PROJECT_VERSION = 1;
				DEVELOPMENT_ASSET_PATHS = "\"Words_Scramble/Preview Content\"";
				DEVELOPMENT_TEAM = 8YSSM38GVX;
				ENABLE_PREVIEWS = YES;
				GENERATE_INFOPLIST_FILE = YES;
				INFOPLIST_KEY_UIApplicationSceneManifest_Generation = YES;
				INFOPLIST_KEY_UIApplicationSupportsIndirectInputEvents = YES;
				INFOPLIST_KEY_UILaunchScreen_Generation = YES;
				INFOPLIST_KEY_UISupportedInterfaceOrientations_iPad = "UIInterfaceOrientationPortrait UIInterfaceOrientationPortraitUpsideDown UIInterfaceOrientationLandscapeLeft UIInterfaceOrientationLandscapeRight";
				INFOPLIST_KEY_UISupportedInterfaceOrientations_iPhone = "UIInterfaceOrientationPortrait UIInterfaceOrientationLandscapeLeft UIInterfaceOrientationLandscapeRight";
				LD_RUNPATH_SEARCH_PATHS = (
					"$(inherited)",
					"@executable_path/Frameworks",
				);
				MARKETING_VERSION = 1.0;
				PRODUCT_BUNDLE_IDENTIFIER = "com.example.Words-Scramble";
				PRODUCT_NAME = "$(TARGET_NAME)";
				SWIFT_EMIT_LOC_STRINGS = YES;
				SWIFT_VERSION = 5.0;
				TARGETED_DEVICE_FAMILY = "1,2";
			};
			name = Release;
		};
		D755FB042987D16D00444001 /* Debug */ = {
			isa = XCBuildConfiguration;
			buildSettings = {
				ALWAYS_EMBED_SWIFT_STANDARD_LIBRARIES = YES;
				BUNDLE_LOADER = "$(TEST_HOST)";
				CODE_SIGN_STYLE = Automatic;
				CURRENT_PROJECT_VERSION = 1;
				DEVELOPMENT_TEAM = 8YSSM38GVX;
				GENERATE_INFOPLIST_FILE = YES;
				IPHONEOS_DEPLOYMENT_TARGET = 16.2;
				MARKETING_VERSION = 1.0;
				PRODUCT_BUNDLE_IDENTIFIER = "com.example.Words-ScrambleTests";
				PRODUCT_NAME = "$(TARGET_NAME)";
				SWIFT_EMIT_LOC_STRINGS = NO;
				SWIFT_VERSION = 5.0;
				TARGETED_DEVICE_FAMILY = "1,2";
				TEST_HOST = "$(BUILT_PRODUCTS_DIR)/Words_Scramble.app/$(BUNDLE_EXECUTABLE_FOLDER_PATH)/Words_Scramble";
			};
			name = Debug;
		};
		D755FB052987D16D00444001 /* Release */ = {
			isa = XCBuildConfiguration;
			buildSettings = {
				ALWAYS_EMBED_SWIFT_STANDARD_LIBRARIES = YES;
				BUNDLE_LOADER = "$(TEST_HOST)";
				CODE_SIGN_STYLE = Automatic;
				CURRENT_PROJECT_VERSION = 1;
				DEVELOPMENT_TEAM = 8YSSM38GVX;
				GENERATE_INFOPLIST_FILE = YES;
				IPHONEOS_DEPLOYMENT_TARGET = 16.2;
				MARKETING_VERSION = 1.0;
				PRODUCT_BUNDLE_IDENTIFIER = "com.example.Words-ScrambleTests";
				PRODUCT_NAME = "$(TARGET_NAME)";
				SWIFT_EMIT_LOC_STRINGS = NO;
				SWIFT_VERSION = 5.0;
				TARGETED_DEVICE_FAMILY = "1,2";
				TEST_HOST = "$(BUILT_PRODUCTS_DIR)/Words_Scramble.app/$(BUNDLE_EXECUTABLE_FOLDER_PATH)/Words_Scramble";
			};
			name = Release;
		};
		D755FB072987D16D00444001 /* Debug */ = {
			isa = XCBuildConfiguration;
			buildSettings = {
				ALWAYS_EMBED_SWIFT_STANDARD_LIBRARIES = YES;
				CODE_SIGN_STYLE = Automatic;
				CURRENT_PROJECT_VERSION = 1;
				DEVELOPMENT_TEAM = 8YSSM38GVX;
				GENERATE_INFOPLIST_FILE = YES;
				MARKETING_VERSION = 1.0;
				PRODUCT_BUNDLE_IDENTIFIER = "com.example.Words-ScrambleUITests";
				PRODUCT_NAME = "$(TARGET_NAME)";
				SWIFT_EMIT_LOC_STRINGS = NO;
				SWIFT_VERSION = 5.0;
				TARGETED_DEVICE_FAMILY = "1,2";
				TEST_TARGET_NAME = Words_Scramble;
			};
			name = Debug;
		};
		D755FB082987D16D00444001 /* Release */ = {
			isa = XCBuildConfiguration;
			buildSettings = {
				ALWAYS_EMBED_SWIFT_STANDARD_LIBRARIES = YES;
				CODE_SIGN_STYLE = Automatic;
				CURRENT_PROJECT_VERSION = 1;
				DEVELOPMENT_TEAM = 8YSSM38GVX;
				GENERATE_INFOPLIST_FILE = YES;
				MARKETING_VERSION = 1.0;
				PRODUCT_BUNDLE_IDENTIFIER = "com.example.Words-ScrambleUITests";
				PRODUCT_NAME = "$(TARGET_NAME)";
				SWIFT_EMIT_LOC_STRINGS = NO;
				SWIFT_VERSION = 5.0;
				TARGETED_DEVICE_FAMILY = "1,2";
				TEST_TARGET_NAME = Words_Scramble;
			};
			name = Release;
		};
/* End XCBuildConfiguration section */

/* Begin XCConfigurationList section */
		D755FAD72987D16A00444001 /* Build configuration list for PBXProject "Words_Scramble" */ = {
			isa = XCConfigurationList;
			buildConfigurations = (
				D755FAFE2987D16D00444001 /* Debug */,
				D755FAFF2987D16D00444001 /* Release */,
			);
			defaultConfigurationIsVisible = 0;
			defaultConfigurationName = Release;
		};
		D755FB002987D16D00444001 /* Build configuration list for PBXNativeTarget "Words_Scramble" */ = {
			isa = XCConfigurationList;
			buildConfigurations = (
				D755FB012987D16D00444001 /* Debug */,
				D755FB022987D16D00444001 /* Release */,
			);
			defaultConfigurationIsVisible = 0;
			defaultConfigurationName = Release;
		};
		D755FB032987D16D00444001 /* Build configuration list for PBXNativeTarget "Words_ScrambleTests" */ = {
			isa = XCConfigurationList;
			buildConfigurations = (
				D755FB042987D16D00444001 /* Debug */,
				D755FB052987D16D00444001 /* Release */,
			);
			defaultConfigurationIsVisible = 0;
			defaultConfigurationName = Release;
		};
		D755FB062987D16D00444001 /* Build configuration list for PBXNativeTarget "Words_ScrambleUITests" */ = {
			isa = XCConfigurationList;
			buildConfigurations = (
				D755FB072987D16D00444001 /* Debug */,
				D755FB082987D16D00444001 /* Release */,
			);
			defaultConfigurationIsVisible = 0;
			defaultConfigurationName = Release;
		};
/* End XCConfigurationList section */
	};
	rootObject = D755FAD42987D16A00444001 /* Project object */;
}
